// !$*UTF8*$!
{
	archiveVersion = 1;
	classes = {
	};
	objectVersion = 50;
	objects = {

/* Begin PBXBuildFile section */
		554366652613997700BBCDF8 /* FilterNavBarView.swift in Sources */ = {isa = PBXBuildFile; fileRef = 554366642613997700BBCDF8 /* FilterNavBarView.swift */; };
		B440626E261268E30080932D /* StandardButtonView.swift in Sources */ = {isa = PBXBuildFile; fileRef = B440626D261268E30080932D /* StandardButtonView.swift */; };
		B448A84026139A65009D30E3 /* TabBarView.swift in Sources */ = {isa = PBXBuildFile; fileRef = B448A83F26139A65009D30E3 /* TabBarView.swift */; };
		B467FE62261249BA0055BCEF /* BrainTVApp.swift in Sources */ = {isa = PBXBuildFile; fileRef = B467FE61261249BA0055BCEF /* BrainTVApp.swift */; };
		B467FE64261249BA0055BCEF /* ContentView.swift in Sources */ = {isa = PBXBuildFile; fileRef = B467FE63261249BA0055BCEF /* ContentView.swift */; };
		B467FE66261249BB0055BCEF /* Assets.xcassets in Resources */ = {isa = PBXBuildFile; fileRef = B467FE65261249BB0055BCEF /* Assets.xcassets */; };
		B467FE69261249BB0055BCEF /* Preview Assets.xcassets in Resources */ = {isa = PBXBuildFile; fileRef = B467FE68261249BB0055BCEF /* Preview Assets.xcassets */; };
		B467FE7F2612514D0055BCEF /* LogoView.swift in Sources */ = {isa = PBXBuildFile; fileRef = B467FE7E2612514D0055BCEF /* LogoView.swift */; };
		B4AE9A782613A35C0009A17A /* RegisterScreen.swift in Sources */ = {isa = PBXBuildFile; fileRef = B4AE9A772613A35C0009A17A /* RegisterScreen.swift */; };
		DF998DF326139943002CD7EF /* PanelistCardView.swift in Sources */ = {isa = PBXBuildFile; fileRef = DF998DF026139943002CD7EF /* PanelistCardView.swift */; };
		DF998DF426139943002CD7EF /* InputBoxView.swift in Sources */ = {isa = PBXBuildFile; fileRef = DF998DF126139943002CD7EF /* InputBoxView.swift */; };
		DF998DF526139943002CD7EF /* ScheduleCardView.swift in Sources */ = {isa = PBXBuildFile; fileRef = DF998DF226139943002CD7EF /* ScheduleCardView.swift */; };
		DFAD37CA26126B7000B5DE6B /* LogoBlackView.swift in Sources */ = {isa = PBXBuildFile; fileRef = DFAD37C926126B7000B5DE6B /* LogoBlackView.swift */; };
		DFAD37CD26126BBE00B5DE6B /* LoginScreen.swift in Sources */ = {isa = PBXBuildFile; fileRef = DFAD37CC26126BBE00B5DE6B /* LoginScreen.swift */; };
		EC2DE53E261399BC004E0FBA /* SplashScreen.swift in Sources */ = {isa = PBXBuildFile; fileRef = EC2DE53D261399BC004E0FBA /* SplashScreen.swift */; };
		EC2DE5472613A3E5004E0FBA /* FirstOnboardingView.swift in Sources */ = {isa = PBXBuildFile; fileRef = EC2DE5462613A3E5004E0FBA /* FirstOnboardingView.swift */; };
		ECD422E92612568C005518D2 /* ClassCardView.swift in Sources */ = {isa = PBXBuildFile; fileRef = ECD422E82612568C005518D2 /* ClassCardView.swift */; };
		ECD422ED261258B9005518D2 /* Doctor.swift in Sources */ = {isa = PBXBuildFile; fileRef = ECD422EC261258B9005518D2 /* Doctor.swift */; };
/* End PBXBuildFile section */

/* Begin PBXFileReference section */
		554366642613997700BBCDF8 /* FilterNavBarView.swift */ = {isa = PBXFileReference; lastKnownFileType = sourcecode.swift; path = FilterNavBarView.swift; sourceTree = "<group>"; };
		B440626D261268E30080932D /* StandardButtonView.swift */ = {isa = PBXFileReference; fileEncoding = 4; lastKnownFileType = sourcecode.swift; path = StandardButtonView.swift; sourceTree = "<group>"; };
		B448A83F26139A65009D30E3 /* TabBarView.swift */ = {isa = PBXFileReference; fileEncoding = 4; lastKnownFileType = sourcecode.swift; path = TabBarView.swift; sourceTree = "<group>"; };
		B467FE5E261249BA0055BCEF /* brainTV.app */ = {isa = PBXFileReference; explicitFileType = wrapper.application; includeInIndex = 0; path = brainTV.app; sourceTree = BUILT_PRODUCTS_DIR; };
		B467FE61261249BA0055BCEF /* BrainTVApp.swift */ = {isa = PBXFileReference; lastKnownFileType = sourcecode.swift; path = BrainTVApp.swift; sourceTree = "<group>"; };
		B467FE63261249BA0055BCEF /* ContentView.swift */ = {isa = PBXFileReference; lastKnownFileType = sourcecode.swift; path = ContentView.swift; sourceTree = "<group>"; };
		B467FE65261249BB0055BCEF /* Assets.xcassets */ = {isa = PBXFileReference; lastKnownFileType = folder.assetcatalog; path = Assets.xcassets; sourceTree = "<group>"; };
		B467FE68261249BB0055BCEF /* Preview Assets.xcassets */ = {isa = PBXFileReference; lastKnownFileType = folder.assetcatalog; path = "Preview Assets.xcassets"; sourceTree = "<group>"; };
		B467FE6A261249BB0055BCEF /* Info.plist */ = {isa = PBXFileReference; lastKnownFileType = text.plist.xml; path = Info.plist; sourceTree = "<group>"; };
		B467FE7E2612514D0055BCEF /* LogoView.swift */ = {isa = PBXFileReference; lastKnownFileType = sourcecode.swift; path = LogoView.swift; sourceTree = "<group>"; };
		B4AE9A772613A35C0009A17A /* RegisterScreen.swift */ = {isa = PBXFileReference; fileEncoding = 4; lastKnownFileType = sourcecode.swift; path = RegisterScreen.swift; sourceTree = "<group>"; };
		DF998DF026139943002CD7EF /* PanelistCardView.swift */ = {isa = PBXFileReference; fileEncoding = 4; lastKnownFileType = sourcecode.swift; path = PanelistCardView.swift; sourceTree = "<group>"; };
		DF998DF126139943002CD7EF /* InputBoxView.swift */ = {isa = PBXFileReference; fileEncoding = 4; lastKnownFileType = sourcecode.swift; path = InputBoxView.swift; sourceTree = "<group>"; };
		DF998DF226139943002CD7EF /* ScheduleCardView.swift */ = {isa = PBXFileReference; fileEncoding = 4; lastKnownFileType = sourcecode.swift; path = ScheduleCardView.swift; sourceTree = "<group>"; };
		DFAD37C926126B7000B5DE6B /* LogoBlackView.swift */ = {isa = PBXFileReference; lastKnownFileType = sourcecode.swift; path = LogoBlackView.swift; sourceTree = "<group>"; };
		DFAD37CC26126BBE00B5DE6B /* LoginScreen.swift */ = {isa = PBXFileReference; lastKnownFileType = sourcecode.swift; path = LoginScreen.swift; sourceTree = "<group>"; };
		EC2DE53D261399BC004E0FBA /* SplashScreen.swift */ = {isa = PBXFileReference; lastKnownFileType = sourcecode.swift; path = SplashScreen.swift; sourceTree = "<group>"; };
		EC2DE5462613A3E5004E0FBA /* FirstOnboardingView.swift */ = {isa = PBXFileReference; lastKnownFileType = sourcecode.swift; path = FirstOnboardingView.swift; sourceTree = "<group>"; };
		ECD422E82612568C005518D2 /* ClassCardView.swift */ = {isa = PBXFileReference; lastKnownFileType = sourcecode.swift; path = ClassCardView.swift; sourceTree = "<group>"; };
		ECD422EC261258B9005518D2 /* Doctor.swift */ = {isa = PBXFileReference; lastKnownFileType = sourcecode.swift; path = Doctor.swift; sourceTree = "<group>"; };
/* End PBXFileReference section */

/* Begin PBXFrameworksBuildPhase section */
		B467FE5B261249BA0055BCEF /* Frameworks */ = {
			isa = PBXFrameworksBuildPhase;
			buildActionMask = 2147483647;
			files = (
			);
			runOnlyForDeploymentPostprocessing = 0;
		};
/* End PBXFrameworksBuildPhase section */

/* Begin PBXGroup section */
		B467FE55261249BA0055BCEF = {
			isa = PBXGroup;
			children = (
				B467FE60261249BA0055BCEF /* brainTV */,
				B467FE5F261249BA0055BCEF /* Products */,
			);
			sourceTree = "<group>";
		};
		B467FE5F261249BA0055BCEF /* Products */ = {
			isa = PBXGroup;
			children = (
				B467FE5E261249BA0055BCEF /* brainTV.app */,
			);
			name = Products;
			sourceTree = "<group>";
		};
		B467FE60261249BA0055BCEF /* brainTV */ = {
			isa = PBXGroup;
			children = (
				B467FE7226124DA10055BCEF /* Model */,
				B467FE7126124D910055BCEF /* Views */,
				B467FE61261249BA0055BCEF /* BrainTVApp.swift */,
				B467FE63261249BA0055BCEF /* ContentView.swift */,
				DFAD37CC26126BBE00B5DE6B /* LoginScreen.swift */,
				B4AE9A772613A35C0009A17A /* RegisterScreen.swift */,
				EC2DE53D261399BC004E0FBA /* SplashScreen.swift */,
				B467FE65261249BB0055BCEF /* Assets.xcassets */,
				B467FE6A261249BB0055BCEF /* Info.plist */,
				B467FE67261249BB0055BCEF /* Preview Content */,
			);
			path = brainTV;
			sourceTree = "<group>";
		};
		B467FE67261249BB0055BCEF /* Preview Content */ = {
			isa = PBXGroup;
			children = (
				B467FE68261249BB0055BCEF /* Preview Assets.xcassets */,
			);
			path = "Preview Content";
			sourceTree = "<group>";
		};
		B467FE7126124D910055BCEF /* Views */ = {
			isa = PBXGroup;
			children = (
				B448A83F26139A65009D30E3 /* TabBarView.swift */,
				DF998DF126139943002CD7EF /* InputBoxView.swift */,
				DF998DF026139943002CD7EF /* PanelistCardView.swift */,
				DF998DF226139943002CD7EF /* ScheduleCardView.swift */,
				B440626D261268E30080932D /* StandardButtonView.swift */,
				DFAD37C926126B7000B5DE6B /* LogoBlackView.swift */,
				B467FE7E2612514D0055BCEF /* LogoView.swift */,
				ECD422E82612568C005518D2 /* ClassCardView.swift */,
				554366642613997700BBCDF8 /* FilterNavBarView.swift */,
				EC2DE5462613A3E5004E0FBA /* FirstOnboardingView.swift */,
			);
			path = Views;
			sourceTree = "<group>";
		};
		B467FE7226124DA10055BCEF /* Model */ = {
			isa = PBXGroup;
			children = (
				ECD422EC261258B9005518D2 /* Doctor.swift */,
			);
			path = Model;
			sourceTree = "<group>";
		};
/* End PBXGroup section */

/* Begin PBXNativeTarget section */
		B467FE5D261249BA0055BCEF /* brainTV */ = {
			isa = PBXNativeTarget;
			buildConfigurationList = B467FE6D261249BB0055BCEF /* Build configuration list for PBXNativeTarget "brainTV" */;
			buildPhases = (
				B467FE5A261249BA0055BCEF /* Sources */,
				B467FE5B261249BA0055BCEF /* Frameworks */,
				B467FE5C261249BA0055BCEF /* Resources */,
			);
			buildRules = (
			);
			dependencies = (
			);
			name = brainTV;
			productName = brainTV;
			productReference = B467FE5E261249BA0055BCEF /* brainTV.app */;
			productType = "com.apple.product-type.application";
		};
/* End PBXNativeTarget section */

/* Begin PBXProject section */
		B467FE56261249BA0055BCEF /* Project object */ = {
			isa = PBXProject;
			attributes = {
				LastSwiftUpdateCheck = 1240;
				LastUpgradeCheck = 1240;
				TargetAttributes = {
					B467FE5D261249BA0055BCEF = {
						CreatedOnToolsVersion = 12.4;
					};
				};
			};
			buildConfigurationList = B467FE59261249BA0055BCEF /* Build configuration list for PBXProject "brainTV" */;
			compatibilityVersion = "Xcode 9.3";
			developmentRegion = en;
			hasScannedForEncodings = 0;
			knownRegions = (
				en,
				Base,
			);
			mainGroup = B467FE55261249BA0055BCEF;
			productRefGroup = B467FE5F261249BA0055BCEF /* Products */;
			projectDirPath = "";
			projectRoot = "";
			targets = (
				B467FE5D261249BA0055BCEF /* brainTV */,
			);
		};
/* End PBXProject section */

/* Begin PBXResourcesBuildPhase section */
		B467FE5C261249BA0055BCEF /* Resources */ = {
			isa = PBXResourcesBuildPhase;
			buildActionMask = 2147483647;
			files = (
				B467FE69261249BB0055BCEF /* Preview Assets.xcassets in Resources */,
				B467FE66261249BB0055BCEF /* Assets.xcassets in Resources */,
			);
			runOnlyForDeploymentPostprocessing = 0;
		};
/* End PBXResourcesBuildPhase section */

/* Begin PBXSourcesBuildPhase section */
		B467FE5A261249BA0055BCEF /* Sources */ = {
			isa = PBXSourcesBuildPhase;
			buildActionMask = 2147483647;
			files = (
				EC2DE53E261399BC004E0FBA /* SplashScreen.swift in Sources */,
				554366652613997700BBCDF8 /* FilterNavBarView.swift in Sources */,
				B467FE7F2612514D0055BCEF /* LogoView.swift in Sources */,
				EC2DE5472613A3E5004E0FBA /* FirstOnboardingView.swift in Sources */,
				DF998DF526139943002CD7EF /* ScheduleCardView.swift in Sources */,
				B467FE64261249BA0055BCEF /* ContentView.swift in Sources */,
				DFAD37CA26126B7000B5DE6B /* LogoBlackView.swift in Sources */,
				B440626E261268E30080932D /* StandardButtonView.swift in Sources */,
				DF998DF426139943002CD7EF /* InputBoxView.swift in Sources */,
				B467FE62261249BA0055BCEF /* BrainTVApp.swift in Sources */,
				DF998DF326139943002CD7EF /* PanelistCardView.swift in Sources */,
				ECD422E92612568C005518D2 /* ClassCardView.swift in Sources */,
				B4AE9A782613A35C0009A17A /* RegisterScreen.swift in Sources */,
				ECD422ED261258B9005518D2 /* Doctor.swift in Sources */,
				B448A84026139A65009D30E3 /* TabBarView.swift in Sources */,
				DFAD37CD26126BBE00B5DE6B /* LoginScreen.swift in Sources */,
			);
			runOnlyForDeploymentPostprocessing = 0;
		};
/* End PBXSourcesBuildPhase section */

/* Begin XCBuildConfiguration section */
		B467FE6B261249BB0055BCEF /* Debug */ = {
			isa = XCBuildConfiguration;
			buildSettings = {
				ALWAYS_SEARCH_USER_PATHS = NO;
				CLANG_ANALYZER_NONNULL = YES;
				CLANG_ANALYZER_NUMBER_OBJECT_CONVERSION = YES_AGGRESSIVE;
				CLANG_CXX_LANGUAGE_STANDARD = "gnu++14";
				CLANG_CXX_LIBRARY = "libc++";
				CLANG_ENABLE_MODULES = YES;
				CLANG_ENABLE_OBJC_ARC = YES;
				CLANG_ENABLE_OBJC_WEAK = YES;
				CLANG_WARN_BLOCK_CAPTURE_AUTORELEASING = YES;
				CLANG_WARN_BOOL_CONVERSION = YES;
				CLANG_WARN_COMMA = YES;
				CLANG_WARN_CONSTANT_CONVERSION = YES;
				CLANG_WARN_DEPRECATED_OBJC_IMPLEMENTATIONS = YES;
				CLANG_WARN_DIRECT_OBJC_ISA_USAGE = YES_ERROR;
				CLANG_WARN_DOCUMENTATION_COMMENTS = YES;
				CLANG_WARN_EMPTY_BODY = YES;
				CLANG_WARN_ENUM_CONVERSION = YES;
				CLANG_WARN_INFINITE_RECURSION = YES;
				CLANG_WARN_INT_CONVERSION = YES;
				CLANG_WARN_NON_LITERAL_NULL_CONVERSION = YES;
				CLANG_WARN_OBJC_IMPLICIT_RETAIN_SELF = YES;
				CLANG_WARN_OBJC_LITERAL_CONVERSION = YES;
				CLANG_WARN_OBJC_ROOT_CLASS = YES_ERROR;
				CLANG_WARN_QUOTED_INCLUDE_IN_FRAMEWORK_HEADER = YES;
				CLANG_WARN_RANGE_LOOP_ANALYSIS = YES;
				CLANG_WARN_STRICT_PROTOTYPES = YES;
				CLANG_WARN_SUSPICIOUS_MOVE = YES;
				CLANG_WARN_UNGUARDED_AVAILABILITY = YES_AGGRESSIVE;
				CLANG_WARN_UNREACHABLE_CODE = YES;
				CLANG_WARN__DUPLICATE_METHOD_MATCH = YES;
				COPY_PHASE_STRIP = NO;
				DEBUG_INFORMATION_FORMAT = dwarf;
				ENABLE_STRICT_OBJC_MSGSEND = YES;
				ENABLE_TESTABILITY = YES;
				GCC_C_LANGUAGE_STANDARD = gnu11;
				GCC_DYNAMIC_NO_PIC = NO;
				GCC_NO_COMMON_BLOCKS = YES;
				GCC_OPTIMIZATION_LEVEL = 0;
				GCC_PREPROCESSOR_DEFINITIONS = (
					"DEBUG=1",
					"$(inherited)",
				);
				GCC_WARN_64_TO_32_BIT_CONVERSION = YES;
				GCC_WARN_ABOUT_RETURN_TYPE = YES_ERROR;
				GCC_WARN_UNDECLARED_SELECTOR = YES;
				GCC_WARN_UNINITIALIZED_AUTOS = YES_AGGRESSIVE;
				GCC_WARN_UNUSED_FUNCTION = YES;
				GCC_WARN_UNUSED_VARIABLE = YES;
				IPHONEOS_DEPLOYMENT_TARGET = 14.4;
				MTL_ENABLE_DEBUG_INFO = INCLUDE_SOURCE;
				MTL_FAST_MATH = YES;
				ONLY_ACTIVE_ARCH = YES;
				SDKROOT = iphoneos;
				SWIFT_ACTIVE_COMPILATION_CONDITIONS = DEBUG;
				SWIFT_OPTIMIZATION_LEVEL = "-Onone";
			};
			name = Debug;
		};
		B467FE6C261249BB0055BCEF /* Release */ = {
			isa = XCBuildConfiguration;
			buildSettings = {
				ALWAYS_SEARCH_USER_PATHS = NO;
				CLANG_ANALYZER_NONNULL = YES;
				CLANG_ANALYZER_NUMBER_OBJECT_CONVERSION = YES_AGGRESSIVE;
				CLANG_CXX_LANGUAGE_STANDARD = "gnu++14";
				CLANG_CXX_LIBRARY = "libc++";
				CLANG_ENABLE_MODULES = YES;
				CLANG_ENABLE_OBJC_ARC = YES;
				CLANG_ENABLE_OBJC_WEAK = YES;
				CLANG_WARN_BLOCK_CAPTURE_AUTORELEASING = YES;
				CLANG_WARN_BOOL_CONVERSION = YES;
				CLANG_WARN_COMMA = YES;
				CLANG_WARN_CONSTANT_CONVERSION = YES;
				CLANG_WARN_DEPRECATED_OBJC_IMPLEMENTATIONS = YES;
				CLANG_WARN_DIRECT_OBJC_ISA_USAGE = YES_ERROR;
				CLANG_WARN_DOCUMENTATION_COMMENTS = YES;
				CLANG_WARN_EMPTY_BODY = YES;
				CLANG_WARN_ENUM_CONVERSION = YES;
				CLANG_WARN_INFINITE_RECURSION = YES;
				CLANG_WARN_INT_CONVERSION = YES;
				CLANG_WARN_NON_LITERAL_NULL_CONVERSION = YES;
				CLANG_WARN_OBJC_IMPLICIT_RETAIN_SELF = YES;
				CLANG_WARN_OBJC_LITERAL_CONVERSION = YES;
				CLANG_WARN_OBJC_ROOT_CLASS = YES_ERROR;
				CLANG_WARN_QUOTED_INCLUDE_IN_FRAMEWORK_HEADER = YES;
				CLANG_WARN_RANGE_LOOP_ANALYSIS = YES;
				CLANG_WARN_STRICT_PROTOTYPES = YES;
				CLANG_WARN_SUSPICIOUS_MOVE = YES;
				CLANG_WARN_UNGUARDED_AVAILABILITY = YES_AGGRESSIVE;
				CLANG_WARN_UNREACHABLE_CODE = YES;
				CLANG_WARN__DUPLICATE_METHOD_MATCH = YES;
				COPY_PHASE_STRIP = NO;
				DEBUG_INFORMATION_FORMAT = "dwarf-with-dsym";
				ENABLE_NS_ASSERTIONS = NO;
				ENABLE_STRICT_OBJC_MSGSEND = YES;
				GCC_C_LANGUAGE_STANDARD = gnu11;
				GCC_NO_COMMON_BLOCKS = YES;
				GCC_WARN_64_TO_32_BIT_CONVERSION = YES;
				GCC_WARN_ABOUT_RETURN_TYPE = YES_ERROR;
				GCC_WARN_UNDECLARED_SELECTOR = YES;
				GCC_WARN_UNINITIALIZED_AUTOS = YES_AGGRESSIVE;
				GCC_WARN_UNUSED_FUNCTION = YES;
				GCC_WARN_UNUSED_VARIABLE = YES;
				IPHONEOS_DEPLOYMENT_TARGET = 14.4;
				MTL_ENABLE_DEBUG_INFO = NO;
				MTL_FAST_MATH = YES;
				SDKROOT = iphoneos;
				SWIFT_COMPILATION_MODE = wholemodule;
				SWIFT_OPTIMIZATION_LEVEL = "-O";
				VALIDATE_PRODUCT = YES;
			};
			name = Release;
		};
		B467FE6E261249BB0055BCEF /* Debug */ = {
			isa = XCBuildConfiguration;
			buildSettings = {
				ASSETCATALOG_COMPILER_APPICON_NAME = AppIcon;
				ASSETCATALOG_COMPILER_GLOBAL_ACCENT_COLOR_NAME = AccentColor;
				CODE_SIGN_STYLE = Automatic;
				DEVELOPMENT_ASSET_PATHS = "\"brainTV/Preview Content\"";
				ENABLE_PREVIEWS = YES;
				INFOPLIST_FILE = brainTV/Info.plist;
				IPHONEOS_DEPLOYMENT_TARGET = 14.0;
				LD_RUNPATH_SEARCH_PATHS = (
					"$(inherited)",
					"@executable_path/Frameworks",
				);
				PRODUCT_BUNDLE_IDENTIFIER = brainTV.brainTV;
				PRODUCT_NAME = "$(TARGET_NAME)";
				SWIFT_VERSION = 5.0;
				TARGETED_DEVICE_FAMILY = "1,2";
			};
			name = Debug;
		};
		B467FE6F261249BB0055BCEF /* Release */ = {
			isa = XCBuildConfiguration;
			buildSettings = {
				ASSETCATALOG_COMPILER_APPICON_NAME = AppIcon;
				ASSETCATALOG_COMPILER_GLOBAL_ACCENT_COLOR_NAME = AccentColor;
				CODE_SIGN_STYLE = Automatic;
				DEVELOPMENT_ASSET_PATHS = "\"brainTV/Preview Content\"";
				ENABLE_PREVIEWS = YES;
				INFOPLIST_FILE = brainTV/Info.plist;
				IPHONEOS_DEPLOYMENT_TARGET = 14.0;
				LD_RUNPATH_SEARCH_PATHS = (
					"$(inherited)",
					"@executable_path/Frameworks",
				);
				PRODUCT_BUNDLE_IDENTIFIER = brainTV.brainTV;
				PRODUCT_NAME = "$(TARGET_NAME)";
				SWIFT_VERSION = 5.0;
				TARGETED_DEVICE_FAMILY = "1,2";
			};
			name = Release;
		};
/* End XCBuildConfiguration section */

/* Begin XCConfigurationList section */
		B467FE59261249BA0055BCEF /* Build configuration list for PBXProject "brainTV" */ = {
			isa = XCConfigurationList;
			buildConfigurations = (
				B467FE6B261249BB0055BCEF /* Debug */,
				B467FE6C261249BB0055BCEF /* Release */,
			);
			defaultConfigurationIsVisible = 0;
			defaultConfigurationName = Release;
		};
		B467FE6D261249BB0055BCEF /* Build configuration list for PBXNativeTarget "brainTV" */ = {
			isa = XCConfigurationList;
			buildConfigurations = (
				B467FE6E261249BB0055BCEF /* Debug */,
				B467FE6F261249BB0055BCEF /* Release */,
			);
			defaultConfigurationIsVisible = 0;
			defaultConfigurationName = Release;
		};
/* End XCConfigurationList section */
	};
	rootObject = B467FE56261249BA0055BCEF /* Project object */;
}
